
Microsoft Visual Studio Solution File, Format Version 12.00
# Visual Studio Version 17
VisualStudioVersion = 17.7.34031.279
MinimumVisualStudioVersion = 10.0.40219.1
Project("{9A19103F-16F7-4668-BE54-9A1E7A4F7556}") = "CQRSMediaTr", "CQRSMediaTr.csproj", "{1ED4C686-A555-4EFF-9449-9C4A4299726F}"
EndProject
Project("{FAE04EC0-301F-11D3-BF4B-00C04F79EFBC}") = "CQRSMediaTr.Tests", "..\CQRSMediaTr.Tests\CQRSMediaTr.Tests.csproj", "{57A3741E-67A0-4D9A-8533-4219E7D2EA23}"
EndProject
Global
	GlobalSection(SolutionConfigurationPlatforms) = preSolution
		Debug|Any CPU = Debug|Any CPU
		Release|Any CPU = Release|Any CPU
	EndGlobalSection
	GlobalSection(ProjectConfigurationPlatforms) = postSolution
		{1ED4C686-A555-4EFF-9449-9C4A4299726F}.Debug|Any CPU.ActiveCfg = Debug|Any CPU
		{1ED4C686-A555-4EFF-9449-9C4A4299726F}.Debug|Any CPU.Build.0 = Debug|Any CPU
		{1ED4C686-A555-4EFF-9449-9C4A4299726F}.Release|Any CPU.ActiveCfg = Release|Any CPU
		{1ED4C686-A555-4EFF-9449-9C4A4299726F}.Release|Any CPU.Build.0 = Release|Any CPU
		{57A3741E-67A0-4D9A-8533-4219E7D2EA23}.Debug|Any CPU.ActiveCfg = Debug|Any CPU
		{57A3741E-67A0-4D9A-8533-4219E7D2EA23}.Debug|Any CPU.Build.0 = Debug|Any CPU
		{57A3741E-67A0-4D9A-8533-4219E7D2EA23}.Release|Any CPU.ActiveCfg = Release|Any CPU
		{57A3741E-67A0-4D9A-8533-4219E7D2EA23}.Release|Any CPU.Build.0 = Release|Any CPU
	EndGlobalSection
	GlobalSection(SolutionProperties) = preSolution
		HideSolutionNode = FALSE
	EndGlobalSection
	GlobalSection(ExtensibilityGlobals) = postSolution
		SolutionGuid = {8E11E199-4E2B-462B-BC53-F3BC915FA172}
	EndGlobalSection
EndGlobal
